# THIS IS AN AUTOGENERATED FILE. DO NOT EDIT THIS FILE DIRECTLY.
# yarn lockfile v1


"@sendgrid/client@^7.6.0":
  version "7.6.0"
  resolved "https://registry.yarnpkg.com/@sendgrid/client/-/client-7.6.0.tgz#f90cb8759c96e1d90224f29ad98f8fdc2be287f3"
  integrity sha512-cpBVZKLlMTO+vpE18krTixubYmZa98oTbLkqBDuTiA3zRkW+urrxg7pDR24TkI35Mid0Zru8jDHwnOiqrXu0TA==
  dependencies:
    "@sendgrid/helpers" "^7.6.0"
    axios "^0.21.4"

"@sendgrid/helpers@^7.6.0":
  version "7.6.0"
  resolved "https://registry.yarnpkg.com/@sendgrid/helpers/-/helpers-7.6.0.tgz#b381bfab391bcd66c771811b22bb6bb2d5c1dfc6"
  integrity sha512-0uWD+HSXLl4Z/X3cN+UMQC20RE7xwAACgppnfjDyvKG0KvJcUgDGz7HDdQkiMUdcVWfmyk6zKSg7XKfKzBjTwA==
  dependencies:
    deepmerge "^4.2.2"

"@sendgrid/mail@^7.6.0":
  version "7.6.0"
  resolved "https://registry.yarnpkg.com/@sendgrid/mail/-/mail-7.6.0.tgz#e74ee30110527feab5d3b83d68af0cd94537f6d2"
  integrity sha512-0KdaSZzflJD/vUAZjB3ALBIuaVGoLq22hrb2fvQXZHRepU/yhRNlEOqrr05MfKBnKskzq1blnD1J0fHxiwaolw==
  dependencies:
    "@sendgrid/client" "^7.6.0"
    "@sendgrid/helpers" "^7.6.0"

axios@^0.21.4:
  version "0.21.4"
  resolved "https://registry.yarnpkg.com/axios/-/axios-0.21.4.tgz#c67b90dc0568e5c1cf2b0b858c43ba28e2eda575"
  integrity sha512-ut5vewkiu8jjGBdqpM44XxjuCjq9LAKeHVmoVfHVzy8eHgxxq8SbAVQNovDA8mVi05kP0Ea/n/UzcSHcTJQfNg==
  dependencies:
    follow-redirects "^1.14.0"

deepmerge@^4.2.2:
  version "4.2.2"
  resolved "https://registry.yarnpkg.com/deepmerge/-/deepmerge-4.2.2.tgz#44d2ea3679b8f4d4ffba33f03d865fc1e7bf4955"
  integrity sha512-FJ3UgI4gIl+PHZm53knsuSFpE+nESMr7M4v9QcgB7S63Kj/6WqMiFQJpBBYz1Pt+66bZpP3Q7Lye0Oo9MPKEdg==

dotenv@^10.0.0:
  version "10.0.0"
  resolved "https://registry.yarnpkg.com/dotenv/-/dotenv-10.0.0.tgz#3d4227b8fb95f81096cdd2b66653fb2c7085ba81"
  integrity sha512-rlBi9d8jpv9Sf1klPjNfFAuWDjKLwTIJJ/VxtoTwIR6hnZxcEOQCZg2oIL3MWBYw5GpUDKOEnND7LXTbIpQ03Q==

follow-redirects@^1.14.0:
  version "1.14.6"
  resolved "https://registry.yarnpkg.com/follow-redirects/-/follow-redirects-1.14.6.tgz#8cfb281bbc035b3c067d6cd975b0f6ade6e855cd"
  integrity sha512-fhUl5EwSJbbl8AR+uYL2KQDxLkdSjZGR36xy46AO7cOMTrCMON6Sa28FmAnC2tRTDbd/Uuzz3aJBv7EBN7JH8A==

moment-timezone@^0.5.31:
  version "0.5.34"
  resolved "https://registry.yarnpkg.com/moment-timezone/-/moment-timezone-0.5.34.tgz#a75938f7476b88f155d3504a9343f7519d9a405c"
  integrity sha512-3zAEHh2hKUs3EXLESx/wsgw6IQdusOT8Bxm3D9UrHPQR7zlMmzwybC8zHEM1tQ4LJwP7fcxrWr8tuBg05fFCbg==
  dependencies:
    moment ">= 2.9.0"

"moment@>= 2.9.0":
  version "2.29.1"
  resolved "https://registry.yarnpkg.com/moment/-/moment-2.29.1.tgz#b2be769fa31940be9eeea6469c075e35006fa3d3"
  integrity sha512-kHmoybcPV8Sqy59DwNDY3Jefr64lK/by/da0ViFcuA4DH0vQg5Q6Ze5VimxkfQNSC+Mls/Kx53s7TjP1RhFEDQ==

node-cron@^3.0.0:
  version "3.0.0"
  resolved "https://registry.yarnpkg.com/node-cron/-/node-cron-3.0.0.tgz#b33252803e430f9cd8590cf85738efa1497a9522"
  integrity sha512-DDwIvvuCwrNiaU7HEivFDULcaQualDv7KoNlB/UU1wPW0n1tDEmBJKhEIE6DlF2FuoOHcNbLJ8ITL2Iv/3AWmA==
  dependencies:
    moment-timezone "^0.5.31"
